
Microsoft Visual Studio Solution File, Format Version 12.00
# Visual Studio Version 17
VisualStudioVersion = 17.0.31903.59
MinimumVisualStudioVersion = 10.0.40219.1
Project("{9A19103F-16F7-4668-BE54-9A1E7A4F7556}") = "TAN_10042024", "TAN_10042024\TAN_10042024.csproj", "{B68D4478-3AFD-4F60-90E3-61865FC84E3B}"
EndProject
Project("{FAE04EC0-301F-11D3-BF4B-00C04F79EFBC}") = "Clean.Architecture.API.Tests", "Clean.Architecture.API.Tests\Clean.Architecture.API.Tests.csproj", "{6FB7141A-97D4-408A-9FAD-E33DAD4C3B8C}"
EndProject
Global
	GlobalSection(SolutionConfigurationPlatforms) = preSolution
		Debug|Any CPU = Debug|Any CPU
		Release|Any CPU = Release|Any CPU
	EndGlobalSection
	GlobalSection(ProjectConfigurationPlatforms) = postSolution
		{B68D4478-3AFD-4F60-90E3-61865FC84E3B}.Debug|Any CPU.ActiveCfg = Debug|Any CPU
		{B68D4478-3AFD-4F60-90E3-61865FC84E3B}.Debug|Any CPU.Build.0 = Debug|Any CPU
		{B68D4478-3AFD-4F60-90E3-61865FC84E3B}.Release|Any CPU.ActiveCfg = Release|Any CPU
		{B68D4478-3AFD-4F60-90E3-61865FC84E3B}.Release|Any CPU.Build.0 = Release|Any CPU
		{6FB7141A-97D4-408A-9FAD-E33DAD4C3B8C}.Debug|Any CPU.ActiveCfg = Debug|Any CPU
		{6FB7141A-97D4-408A-9FAD-E33DAD4C3B8C}.Debug|Any CPU.Build.0 = Debug|Any CPU
		{6FB7141A-97D4-408A-9FAD-E33DAD4C3B8C}.Release|Any CPU.ActiveCfg = Release|Any CPU
		{6FB7141A-97D4-408A-9FAD-E33DAD4C3B8C}.Release|Any CPU.Build.0 = Release|Any CPU
	EndGlobalSection
	GlobalSection(SolutionProperties) = preSolution
		HideSolutionNode = FALSE
	EndGlobalSection
EndGlobal
